
Microsoft Visual Studio Solution File, Format Version 12.00
# Visual Studio 15
VisualStudioVersion = 15.0.28010.2003
MinimumVisualStudioVersion = 10.0.40219.1
Project("{FAE04EC0-301F-11D3-BF4B-00C04F79EFBC}") = "BabyStepz.Android", "BabyStepz\BabyStepz.Android\BabyStepz.Android.csproj", "{66A02898-C15E-4773-80D9-66C2DE3EF54B}"
EndProject
Project("{FAE04EC0-301F-11D3-BF4B-00C04F79EFBC}") = "BabyStepz.iOS", "BabyStepz\BabyStepz.iOS\BabyStepz.iOS.csproj", "{4913B70B-8F28-40AF-9018-8D109EF7F28E}"
EndProject
Project("{FAE04EC0-301F-11D3-BF4B-00C04F79EFBC}") = "BabyStepz", "BabyStepz\BabyStepz\BabyStepz.csproj", "{290D6D35-4CA5-4EF4-BCBD-E128EAC514F4}"
EndProject
Global
	GlobalSection(SolutionConfigurationPlatforms) = preSolution
		Debug|Any CPU = Debug|Any CPU
		Debug|iPhone = Debug|iPhone
		Debug|iPhoneSimulator = Debug|iPhoneSimulator
		Release|Any CPU = Release|Any CPU
		Release|iPhone = Release|iPhone
		Release|iPhoneSimulator = Release|iPhoneSimulator
	EndGlobalSection
	GlobalSection(ProjectConfigurationPlatforms) = postSolution
		{66A02898-C15E-4773-80D9-66C2DE3EF54B}.Debug|Any CPU.ActiveCfg = Debug|Any CPU
		{66A02898-C15E-4773-80D9-66C2DE3EF54B}.Debug|Any CPU.Build.0 = Debug|Any CPU
		{66A02898-C15E-4773-80D9-66C2DE3EF54B}.Debug|Any CPU.Deploy.0 = Debug|Any CPU
		{66A02898-C15E-4773-80D9-66C2DE3EF54B}.Debug|iPhone.ActiveCfg = Debug|Any CPU
		{66A02898-C15E-4773-80D9-66C2DE3EF54B}.Debug|iPhone.Build.0 = Debug|Any CPU
		{66A02898-C15E-4773-80D9-66C2DE3EF54B}.Debug|iPhone.Deploy.0 = Debug|Any CPU
		{66A02898-C15E-4773-80D9-66C2DE3EF54B}.Debug|iPhoneSimulator.ActiveCfg = Debug|Any CPU
		{66A02898-C15E-4773-80D9-66C2DE3EF54B}.Debug|iPhoneSimulator.Build.0 = Debug|Any CPU
		{66A02898-C15E-4773-80D9-66C2DE3EF54B}.Debug|iPhoneSimulator.Deploy.0 = Debug|Any CPU
		{66A02898-C15E-4773-80D9-66C2DE3EF54B}.Release|Any CPU.ActiveCfg = Release|Any CPU
		{66A02898-C15E-4773-80D9-66C2DE3EF54B}.Release|Any CPU.Build.0 = Release|Any CPU
		{66A02898-C15E-4773-80D9-66C2DE3EF54B}.Release|Any CPU.Deploy.0 = Release|Any CPU
		{66A02898-C15E-4773-80D9-66C2DE3EF54B}.Release|iPhone.ActiveCfg = Release|Any CPU
		{66A02898-C15E-4773-80D9-66C2DE3EF54B}.Release|iPhone.Build.0 = Release|Any CPU
		{66A02898-C15E-4773-80D9-66C2DE3EF54B}.Release|iPhone.Deploy.0 = Release|Any CPU
		{66A02898-C15E-4773-80D9-66C2DE3EF54B}.Release|iPhoneSimulator.ActiveCfg = Release|Any CPU
		{66A02898-C15E-4773-80D9-66C2DE3EF54B}.Release|iPhoneSimulator.Build.0 = Release|Any CPU
		{66A02898-C15E-4773-80D9-66C2DE3EF54B}.Release|iPhoneSimulator.Deploy.0 = Release|Any CPU
		{4913B70B-8F28-40AF-9018-8D109EF7F28E}.Debug|Any CPU.ActiveCfg = Debug|iPhoneSimulator
		{4913B70B-8F28-40AF-9018-8D109EF7F28E}.Debug|Any CPU.Build.0 = Debug|iPhoneSimulator
		{4913B70B-8F28-40AF-9018-8D109EF7F28E}.Debug|Any CPU.Deploy.0 = Debug|iPhoneSimulator
		{4913B70B-8F28-40AF-9018-8D109EF7F28E}.Debug|iPhone.ActiveCfg = Debug|iPhone
		{4913B70B-8F28-40AF-9018-8D109EF7F28E}.Debug|iPhone.Build.0 = Debug|iPhone
		{4913B70B-8F28-40AF-9018-8D109EF7F28E}.Debug|iPhone.Deploy.0 = Debug|iPhone
		{4913B70B-8F28-40AF-9018-8D109EF7F28E}.Debug|iPhoneSimulator.ActiveCfg = Debug|iPhoneSimulator
		{4913B70B-8F28-40AF-9018-8D109EF7F28E}.Debug|iPhoneSimulator.Build.0 = Debug|iPhoneSimulator
		{4913B70B-8F28-40AF-9018-8D109EF7F28E}.Debug|iPhoneSimulator.Deploy.0 = Debug|iPhoneSimulator
		{4913B70B-8F28-40AF-9018-8D109EF7F28E}.Release|Any CPU.ActiveCfg = Release|iPhone
		{4913B70B-8F28-40AF-9018-8D109EF7F28E}.Release|Any CPU.Build.0 = Release|iPhone
		{4913B70B-8F28-40AF-9018-8D109EF7F28E}.Release|Any CPU.Deploy.0 = Release|iPhone
		{4913B70B-8F28-40AF-9018-8D109EF7F28E}.Release|iPhone.ActiveCfg = Release|iPhone
		{4913B70B-8F28-40AF-9018-8D109EF7F28E}.Release|iPhone.Build.0 = Release|iPhone
		{4913B70B-8F28-40AF-9018-8D109EF7F28E}.Release|iPhone.Deploy.0 = Release|iPhone
		{4913B70B-8F28-40AF-9018-8D109EF7F28E}.Release|iPhoneSimulator.ActiveCfg = Release|iPhoneSimulator
		{4913B70B-8F28-40AF-9018-8D109EF7F28E}.Release|iPhoneSimulator.Build.0 = Release|iPhoneSimulator
		{4913B70B-8F28-40AF-9018-8D109EF7F28E}.Release|iPhoneSimulator.Deploy.0 = Release|iPhoneSimulator
		{290D6D35-4CA5-4EF4-BCBD-E128EAC514F4}.Debug|Any CPU.ActiveCfg = Debug|Any CPU
		{290D6D35-4CA5-4EF4-BCBD-E128EAC514F4}.Debug|Any CPU.Build.0 = Debug|Any CPU
		{290D6D35-4CA5-4EF4-BCBD-E128EAC514F4}.Debug|Any CPU.Deploy.0 = Debug|Any CPU
		{290D6D35-4CA5-4EF4-BCBD-E128EAC514F4}.Debug|iPhone.ActiveCfg = Debug|Any CPU
		{290D6D35-4CA5-4EF4-BCBD-E128EAC514F4}.Debug|iPhone.Build.0 = Debug|Any CPU
		{290D6D35-4CA5-4EF4-BCBD-E128EAC514F4}.Debug|iPhone.Deploy.0 = Debug|Any CPU
		{290D6D35-4CA5-4EF4-BCBD-E128EAC514F4}.Debug|iPhoneSimulator.ActiveCfg = Debug|Any CPU
		{290D6D35-4CA5-4EF4-BCBD-E128EAC514F4}.Debug|iPhoneSimulator.Build.0 = Debug|Any CPU
		{290D6D35-4CA5-4EF4-BCBD-E128EAC514F4}.Debug|iPhoneSimulator.Deploy.0 = Debug|Any CPU
		{290D6D35-4CA5-4EF4-BCBD-E128EAC514F4}.Release|Any CPU.ActiveCfg = Release|Any CPU
		{290D6D35-4CA5-4EF4-BCBD-E128EAC514F4}.Release|Any CPU.Build.0 = Release|Any CPU
		{290D6D35-4CA5-4EF4-BCBD-E128EAC514F4}.Release|Any CPU.Deploy.0 = Release|Any CPU
		{290D6D35-4CA5-4EF4-BCBD-E128EAC514F4}.Release|iPhone.ActiveCfg = Release|Any CPU
		{290D6D35-4CA5-4EF4-BCBD-E128EAC514F4}.Release|iPhone.Build.0 = Release|Any CPU
		{290D6D35-4CA5-4EF4-BCBD-E128EAC514F4}.Release|iPhone.Deploy.0 = Release|Any CPU
		{290D6D35-4CA5-4EF4-BCBD-E128EAC514F4}.Release|iPhoneSimulator.ActiveCfg = Release|Any CPU
		{290D6D35-4CA5-4EF4-BCBD-E128EAC514F4}.Release|iPhoneSimulator.Build.0 = Release|Any CPU
		{290D6D35-4CA5-4EF4-BCBD-E128EAC514F4}.Release|iPhoneSimulator.Deploy.0 = Release|Any CPU
	EndGlobalSection
	GlobalSection(SolutionProperties) = preSolution
		HideSolutionNode = FALSE
	EndGlobalSection
	GlobalSection(ExtensibilityGlobals) = postSolution
		SolutionGuid = {121A0C1D-B1A1-4A26-A08C-58EBDACB9B9E}
	EndGlobalSection
EndGlobal
